
Microsoft Visual Studio Solution File, Format Version 12.00
# Visual Studio Version 16
VisualStudioVersion = 16.0.30907.101
MinimumVisualStudioVersion = 10.0.40219.1
Project("{8BC9CEB8-8B4A-11D0-8D11-00A0C91BC942}") = "SharedItems", "SharedItems\SharedItems.vcxitems", "{7263B7D1-D1FC-45B5-B336-2C08516EFE6A}"
EndProject
Project("{8BC9CEB8-8B4A-11D0-8D11-00A0C91BC942}") = "UWPConsoleApp", "UWPConsoleApp\UWPConsoleApp.vcxproj", "{0D395C01-FE86-4658-B6AA-D4BF5738ECF7}"
EndProject
Global
	GlobalSection(SharedMSBuildProjectFiles) = preSolution
		SharedItems\SharedItems.vcxitems*{7263b7d1-d1fc-45b5-b336-2c08516efe6a}*SharedItemsImports = 9
	EndGlobalSection
	GlobalSection(SolutionConfigurationPlatforms) = preSolution
		Debug|x64 = Debug|x64
		Debug|x86 = Debug|x86
		Release|x64 = Release|x64
		Release|x86 = Release|x86
	EndGlobalSection
	GlobalSection(ProjectConfigurationPlatforms) = postSolution
		{0D395C01-FE86-4658-B6AA-D4BF5738ECF7}.Debug|x64.ActiveCfg = Debug|x64
		{0D395C01-FE86-4658-B6AA-D4BF5738ECF7}.Debug|x64.Build.0 = Debug|x64
		{0D395C01-FE86-4658-B6AA-D4BF5738ECF7}.Debug|x86.ActiveCfg = Debug|Win32
		{0D395C01-FE86-4658-B6AA-D4BF5738ECF7}.Debug|x86.Build.0 = Debug|Win32
		{0D395C01-FE86-4658-B6AA-D4BF5738ECF7}.Release|x64.ActiveCfg = Release|x64
		{0D395C01-FE86-4658-B6AA-D4BF5738ECF7}.Release|x64.Build.0 = Release|x64
		{0D395C01-FE86-4658-B6AA-D4BF5738ECF7}.Release|x86.ActiveCfg = Release|Win32
		{0D395C01-FE86-4658-B6AA-D4BF5738ECF7}.Release|x86.Build.0 = Release|Win32
	EndGlobalSection
	GlobalSection(SolutionProperties) = preSolution
		HideSolutionNode = FALSE
	EndGlobalSection
	GlobalSection(ExtensibilityGlobals) = postSolution
		SolutionGuid = {F174992B-4B0D-4833-B335-8166E7BB178F}
	EndGlobalSection
EndGlobal
